
Microsoft Visual Studio Solution File, Format Version 12.00
# Visual Studio 2012
Project("{FAE04EC0-301F-11D3-BF4B-00C04F79EFBC}") = "01. ExtendStringBuilder", "01. ExtendStringBuilder\01. ExtendStringBuilder.csproj", "{6543589B-6687-4594-B667-03DB3DA98350}"
EndProject
Project("{FAE04EC0-301F-11D3-BF4B-00C04F79EFBC}") = "02. ExtendIEnumerable", "02. ExtendIEnumerable\02. ExtendIEnumerable.csproj", "{70BFCCA5-6904-4DC7-8A6A-A6017992EF5F}"
EndProject
Project("{FAE04EC0-301F-11D3-BF4B-00C04F79EFBC}") = "03,04. ArrayOfStudentsQuery", "03. ArrayOFStudentsQuery\03,04. ArrayOfStudentsQuery.csproj", "{FED8D026-D2FA-4A46-8458-31FE6FF69967}"
EndProject
Project("{FAE04EC0-301F-11D3-BF4B-00C04F79EFBC}") = "06. PrintSpecificNumbersFromArray", "05. PrintSpecificNumbersFromArray\06. PrintSpecificNumbersFromArray.csproj", "{A72DD28E-12AD-4284-AD08-039D6719AA91}"
EndProject
Project("{FAE04EC0-301F-11D3-BF4B-00C04F79EFBC}") = "07. Timer", "06. Timer\07. Timer.csproj", "{96A2F086-0AE6-43FF-A426-4C90E1D4DEAC}"
EndProject
Global
	GlobalSection(SolutionConfigurationPlatforms) = preSolution
		Debug|Any CPU = Debug|Any CPU
		Release|Any CPU = Release|Any CPU
	EndGlobalSection
	GlobalSection(ProjectConfigurationPlatforms) = postSolution
		{6543589B-6687-4594-B667-03DB3DA98350}.Debug|Any CPU.ActiveCfg = Debug|Any CPU
		{6543589B-6687-4594-B667-03DB3DA98350}.Debug|Any CPU.Build.0 = Debug|Any CPU
		{6543589B-6687-4594-B667-03DB3DA98350}.Release|Any CPU.ActiveCfg = Release|Any CPU
		{6543589B-6687-4594-B667-03DB3DA98350}.Release|Any CPU.Build.0 = Release|Any CPU
		{70BFCCA5-6904-4DC7-8A6A-A6017992EF5F}.Debug|Any CPU.ActiveCfg = Debug|Any CPU
		{70BFCCA5-6904-4DC7-8A6A-A6017992EF5F}.Debug|Any CPU.Build.0 = Debug|Any CPU
		{70BFCCA5-6904-4DC7-8A6A-A6017992EF5F}.Release|Any CPU.ActiveCfg = Release|Any CPU
		{70BFCCA5-6904-4DC7-8A6A-A6017992EF5F}.Release|Any CPU.Build.0 = Release|Any CPU
		{FED8D026-D2FA-4A46-8458-31FE6FF69967}.Debug|Any CPU.ActiveCfg = Debug|Any CPU
		{FED8D026-D2FA-4A46-8458-31FE6FF69967}.Debug|Any CPU.Build.0 = Debug|Any CPU
		{FED8D026-D2FA-4A46-8458-31FE6FF69967}.Release|Any CPU.ActiveCfg = Release|Any CPU
		{FED8D026-D2FA-4A46-8458-31FE6FF69967}.Release|Any CPU.Build.0 = Release|Any CPU
		{A72DD28E-12AD-4284-AD08-039D6719AA91}.Debug|Any CPU.ActiveCfg = Debug|Any CPU
		{A72DD28E-12AD-4284-AD08-039D6719AA91}.Debug|Any CPU.Build.0 = Debug|Any CPU
		{A72DD28E-12AD-4284-AD08-039D6719AA91}.Release|Any CPU.ActiveCfg = Release|Any CPU
		{A72DD28E-12AD-4284-AD08-039D6719AA91}.Release|Any CPU.Build.0 = Release|Any CPU
		{96A2F086-0AE6-43FF-A426-4C90E1D4DEAC}.Debug|Any CPU.ActiveCfg = Debug|Any CPU
		{96A2F086-0AE6-43FF-A426-4C90E1D4DEAC}.Debug|Any CPU.Build.0 = Debug|Any CPU
		{96A2F086-0AE6-43FF-A426-4C90E1D4DEAC}.Release|Any CPU.ActiveCfg = Release|Any CPU
		{96A2F086-0AE6-43FF-A426-4C90E1D4DEAC}.Release|Any CPU.Build.0 = Release|Any CPU
	EndGlobalSection
	GlobalSection(SolutionProperties) = preSolution
		HideSolutionNode = FALSE
	EndGlobalSection
EndGlobal
