
Microsoft Visual Studio Solution File, Format Version 12.00
# Visual Studio 2012
Project("{FAE04EC0-301F-11D3-BF4B-00C04F79EFBC}") = "01. NextDate", "01. NextDate\01. NextDate.csproj", "{4A9855D9-CA66-47EC-A645-8EE7564389E3}"
EndProject
Project("{FAE04EC0-301F-11D3-BF4B-00C04F79EFBC}") = "02. TribonacciTriangle", "02. TribonacciTriangle\02. TribonacciTriangle.csproj", "{337BD2C2-9DFE-490F-A279-2D0FEB29363B}"
EndProject
Project("{FAE04EC0-301F-11D3-BF4B-00C04F79EFBC}") = "03. Sheets", "03. Sheets\03. Sheets.csproj", "{A5F1FB6C-EE7A-4BF0-8A96-E258E3EC88F9}"
EndProject
Project("{FAE04EC0-301F-11D3-BF4B-00C04F79EFBC}") = "04. Carpets", "04. Carpets\04. Carpets.csproj", "{52A02473-50AA-4F16-97F5-8C9CEB3C3F87}"
EndProject
Global
	GlobalSection(SolutionConfigurationPlatforms) = preSolution
		Debug|Any CPU = Debug|Any CPU
		Release|Any CPU = Release|Any CPU
	EndGlobalSection
	GlobalSection(ProjectConfigurationPlatforms) = postSolution
		{4A9855D9-CA66-47EC-A645-8EE7564389E3}.Debug|Any CPU.ActiveCfg = Debug|Any CPU
		{4A9855D9-CA66-47EC-A645-8EE7564389E3}.Debug|Any CPU.Build.0 = Debug|Any CPU
		{4A9855D9-CA66-47EC-A645-8EE7564389E3}.Release|Any CPU.ActiveCfg = Release|Any CPU
		{4A9855D9-CA66-47EC-A645-8EE7564389E3}.Release|Any CPU.Build.0 = Release|Any CPU
		{337BD2C2-9DFE-490F-A279-2D0FEB29363B}.Debug|Any CPU.ActiveCfg = Debug|Any CPU
		{337BD2C2-9DFE-490F-A279-2D0FEB29363B}.Debug|Any CPU.Build.0 = Debug|Any CPU
		{337BD2C2-9DFE-490F-A279-2D0FEB29363B}.Release|Any CPU.ActiveCfg = Release|Any CPU
		{337BD2C2-9DFE-490F-A279-2D0FEB29363B}.Release|Any CPU.Build.0 = Release|Any CPU
		{A5F1FB6C-EE7A-4BF0-8A96-E258E3EC88F9}.Debug|Any CPU.ActiveCfg = Debug|Any CPU
		{A5F1FB6C-EE7A-4BF0-8A96-E258E3EC88F9}.Debug|Any CPU.Build.0 = Debug|Any CPU
		{A5F1FB6C-EE7A-4BF0-8A96-E258E3EC88F9}.Release|Any CPU.ActiveCfg = Release|Any CPU
		{A5F1FB6C-EE7A-4BF0-8A96-E258E3EC88F9}.Release|Any CPU.Build.0 = Release|Any CPU
		{52A02473-50AA-4F16-97F5-8C9CEB3C3F87}.Debug|Any CPU.ActiveCfg = Debug|Any CPU
		{52A02473-50AA-4F16-97F5-8C9CEB3C3F87}.Debug|Any CPU.Build.0 = Debug|Any CPU
		{52A02473-50AA-4F16-97F5-8C9CEB3C3F87}.Release|Any CPU.ActiveCfg = Release|Any CPU
		{52A02473-50AA-4F16-97F5-8C9CEB3C3F87}.Release|Any CPU.Build.0 = Release|Any CPU
	EndGlobalSection
	GlobalSection(SolutionProperties) = preSolution
		HideSolutionNode = FALSE
	EndGlobalSection
EndGlobal
