
Microsoft Visual Studio Solution File, Format Version 12.00
# Visual Studio 2012
Project("{FAE04EC0-301F-11D3-BF4B-00C04F79EFBC}") = "01. CheckLeapYear", "01. CheckLeapYear\01. CheckLeapYear.csproj", "{9EABCBFE-9BDF-4253-A434-3093CD971F3B}"
EndProject
Project("{FAE04EC0-301F-11D3-BF4B-00C04F79EFBC}") = "02. PrintRandomNumbersInRange", "02. PrintRandomNumbersInRange\02. PrintRandomNumbersInRange.csproj", "{0CD674EB-6C68-4D34-9838-C90A6828079F}"
EndProject
Project("{FAE04EC0-301F-11D3-BF4B-00C04F79EFBC}") = "03. ShowDayOfWeek", "03. ShowDayOfWeek\03. ShowDayOfWeek.csproj", "{3DC7B2BB-23F9-401E-B4D4-B6388CA19D64}"
EndProject
Project("{FAE04EC0-301F-11D3-BF4B-00C04F79EFBC}") = "04. CalculateTriangleSurface", "04. CalculateTriangleSurface\04. CalculateTriangleSurface.csproj", "{5BF4B8B0-AEDC-4652-81EF-5F6B2116E28C}"
EndProject
Project("{FAE04EC0-301F-11D3-BF4B-00C04F79EFBC}") = "05. CalculateWorkdays", "05. CalculateWorkdays\05. CalculateWorkdays.csproj", "{A385F346-0538-4C25-B744-FE7D23D30709}"
EndProject
Project("{FAE04EC0-301F-11D3-BF4B-00C04F79EFBC}") = "06. CalculateIntegersFromString", "06. CalculateIntegersFromString\06. CalculateIntegersFromString.csproj", "{2B08F9AD-0C43-4526-A2CD-D35BCD5330A5}"
EndProject
Project("{FAE04EC0-301F-11D3-BF4B-00C04F79EFBC}") = "07. CalculateArithmExpression", "07. CalculateArithmExpression\07. CalculateArithmExpression.csproj", "{EA19B6B4-E18A-4642-992A-AD414BC73A60}"
EndProject
Global
	GlobalSection(SolutionConfigurationPlatforms) = preSolution
		Debug|Any CPU = Debug|Any CPU
		Release|Any CPU = Release|Any CPU
	EndGlobalSection
	GlobalSection(ProjectConfigurationPlatforms) = postSolution
		{9EABCBFE-9BDF-4253-A434-3093CD971F3B}.Debug|Any CPU.ActiveCfg = Debug|Any CPU
		{9EABCBFE-9BDF-4253-A434-3093CD971F3B}.Debug|Any CPU.Build.0 = Debug|Any CPU
		{9EABCBFE-9BDF-4253-A434-3093CD971F3B}.Release|Any CPU.ActiveCfg = Release|Any CPU
		{9EABCBFE-9BDF-4253-A434-3093CD971F3B}.Release|Any CPU.Build.0 = Release|Any CPU
		{0CD674EB-6C68-4D34-9838-C90A6828079F}.Debug|Any CPU.ActiveCfg = Debug|Any CPU
		{0CD674EB-6C68-4D34-9838-C90A6828079F}.Debug|Any CPU.Build.0 = Debug|Any CPU
		{0CD674EB-6C68-4D34-9838-C90A6828079F}.Release|Any CPU.ActiveCfg = Release|Any CPU
		{0CD674EB-6C68-4D34-9838-C90A6828079F}.Release|Any CPU.Build.0 = Release|Any CPU
		{3DC7B2BB-23F9-401E-B4D4-B6388CA19D64}.Debug|Any CPU.ActiveCfg = Debug|Any CPU
		{3DC7B2BB-23F9-401E-B4D4-B6388CA19D64}.Debug|Any CPU.Build.0 = Debug|Any CPU
		{3DC7B2BB-23F9-401E-B4D4-B6388CA19D64}.Release|Any CPU.ActiveCfg = Release|Any CPU
		{3DC7B2BB-23F9-401E-B4D4-B6388CA19D64}.Release|Any CPU.Build.0 = Release|Any CPU
		{5BF4B8B0-AEDC-4652-81EF-5F6B2116E28C}.Debug|Any CPU.ActiveCfg = Debug|Any CPU
		{5BF4B8B0-AEDC-4652-81EF-5F6B2116E28C}.Debug|Any CPU.Build.0 = Debug|Any CPU
		{5BF4B8B0-AEDC-4652-81EF-5F6B2116E28C}.Release|Any CPU.ActiveCfg = Release|Any CPU
		{5BF4B8B0-AEDC-4652-81EF-5F6B2116E28C}.Release|Any CPU.Build.0 = Release|Any CPU
		{A385F346-0538-4C25-B744-FE7D23D30709}.Debug|Any CPU.ActiveCfg = Debug|Any CPU
		{A385F346-0538-4C25-B744-FE7D23D30709}.Debug|Any CPU.Build.0 = Debug|Any CPU
		{A385F346-0538-4C25-B744-FE7D23D30709}.Release|Any CPU.ActiveCfg = Release|Any CPU
		{A385F346-0538-4C25-B744-FE7D23D30709}.Release|Any CPU.Build.0 = Release|Any CPU
		{2B08F9AD-0C43-4526-A2CD-D35BCD5330A5}.Debug|Any CPU.ActiveCfg = Debug|Any CPU
		{2B08F9AD-0C43-4526-A2CD-D35BCD5330A5}.Debug|Any CPU.Build.0 = Debug|Any CPU
		{2B08F9AD-0C43-4526-A2CD-D35BCD5330A5}.Release|Any CPU.ActiveCfg = Release|Any CPU
		{2B08F9AD-0C43-4526-A2CD-D35BCD5330A5}.Release|Any CPU.Build.0 = Release|Any CPU
		{EA19B6B4-E18A-4642-992A-AD414BC73A60}.Debug|Any CPU.ActiveCfg = Debug|Any CPU
		{EA19B6B4-E18A-4642-992A-AD414BC73A60}.Debug|Any CPU.Build.0 = Debug|Any CPU
		{EA19B6B4-E18A-4642-992A-AD414BC73A60}.Release|Any CPU.ActiveCfg = Release|Any CPU
		{EA19B6B4-E18A-4642-992A-AD414BC73A60}.Release|Any CPU.Build.0 = Release|Any CPU
	EndGlobalSection
	GlobalSection(SolutionProperties) = preSolution
		HideSolutionNode = FALSE
	EndGlobalSection
EndGlobal
