
Microsoft Visual Studio Solution File, Format Version 12.00
# Visual Studio 2012
Project("{FAE04EC0-301F-11D3-BF4B-00C04F79EFBC}") = "01. TripleRotationOfDigits", "01. TripleRotationOfDigits\01. TripleRotationOfDigits.csproj", "{8AEBFCB4-574A-4882-A2D1-9B53E8B0530F}"
EndProject
Global
	GlobalSection(SolutionConfigurationPlatforms) = preSolution
		Debug|Any CPU = Debug|Any CPU
		Release|Any CPU = Release|Any CPU
	EndGlobalSection
	GlobalSection(ProjectConfigurationPlatforms) = postSolution
		{8AEBFCB4-574A-4882-A2D1-9B53E8B0530F}.Debug|Any CPU.ActiveCfg = Debug|Any CPU
		{8AEBFCB4-574A-4882-A2D1-9B53E8B0530F}.Debug|Any CPU.Build.0 = Debug|Any CPU
		{8AEBFCB4-574A-4882-A2D1-9B53E8B0530F}.Release|Any CPU.ActiveCfg = Release|Any CPU
		{8AEBFCB4-574A-4882-A2D1-9B53E8B0530F}.Release|Any CPU.Build.0 = Release|Any CPU
	EndGlobalSection
	GlobalSection(SolutionProperties) = preSolution
		HideSolutionNode = FALSE
	EndGlobalSection
EndGlobal
