
Microsoft Visual Studio Solution File, Format Version 12.00
# Visual Studio 2012
Project("{FAE04EC0-301F-11D3-BF4B-00C04F79EFBC}") = "01. Traveler's Forum", "01. Traveler's Forum\01. Traveler's Forum.csproj", "{D12B581C-876D-4A34-9E98-4C390862C880}"
EndProject
Project("{FAE04EC0-301F-11D3-BF4B-00C04F79EFBC}") = "02. Architecture", "02. Architecture\02. Architecture.csproj", "{60428518-F1BE-4A0F-98A1-58158D76FCC4}"
EndProject
Global
	GlobalSection(SolutionConfigurationPlatforms) = preSolution
		Debug|Any CPU = Debug|Any CPU
		Release|Any CPU = Release|Any CPU
	EndGlobalSection
	GlobalSection(ProjectConfigurationPlatforms) = postSolution
		{D12B581C-876D-4A34-9E98-4C390862C880}.Debug|Any CPU.ActiveCfg = Debug|Any CPU
		{D12B581C-876D-4A34-9E98-4C390862C880}.Debug|Any CPU.Build.0 = Debug|Any CPU
		{D12B581C-876D-4A34-9E98-4C390862C880}.Release|Any CPU.ActiveCfg = Release|Any CPU
		{D12B581C-876D-4A34-9E98-4C390862C880}.Release|Any CPU.Build.0 = Release|Any CPU
		{60428518-F1BE-4A0F-98A1-58158D76FCC4}.Debug|Any CPU.ActiveCfg = Debug|Any CPU
		{60428518-F1BE-4A0F-98A1-58158D76FCC4}.Debug|Any CPU.Build.0 = Debug|Any CPU
		{60428518-F1BE-4A0F-98A1-58158D76FCC4}.Release|Any CPU.ActiveCfg = Release|Any CPU
		{60428518-F1BE-4A0F-98A1-58158D76FCC4}.Release|Any CPU.Build.0 = Release|Any CPU
	EndGlobalSection
	GlobalSection(SolutionProperties) = preSolution
		HideSolutionNode = FALSE
	EndGlobalSection
EndGlobal
