
Microsoft Visual Studio Solution File, Format Version 12.00
# Visual Studio 2012
Project("{FAE04EC0-301F-11D3-BF4B-00C04F79EFBC}") = "1. Responsive Design", "1. Responsive Design\1. Responsive Design.csproj", "{B4C49177-586F-4443-8EAB-12F5850392DB}"
EndProject
Global
	GlobalSection(SolutionConfigurationPlatforms) = preSolution
		Debug|Any CPU = Debug|Any CPU
		Release|Any CPU = Release|Any CPU
	EndGlobalSection
	GlobalSection(ProjectConfigurationPlatforms) = postSolution
		{B4C49177-586F-4443-8EAB-12F5850392DB}.Debug|Any CPU.ActiveCfg = Debug|Any CPU
		{B4C49177-586F-4443-8EAB-12F5850392DB}.Debug|Any CPU.Build.0 = Debug|Any CPU
		{B4C49177-586F-4443-8EAB-12F5850392DB}.Release|Any CPU.ActiveCfg = Release|Any CPU
		{B4C49177-586F-4443-8EAB-12F5850392DB}.Release|Any CPU.Build.0 = Release|Any CPU
	EndGlobalSection
	GlobalSection(SolutionProperties) = preSolution
		HideSolutionNode = FALSE
	EndGlobalSection
EndGlobal
